<?xml version="1.0" encoding="utf-8"?>
<Project ToolsVersion="4.0" xmlns="http://schemas.microsoft.com/developer/msbuild/2003">
  <ItemGroup>
    <Filter Include="Source Files">
      <UniqueIdentifier>{4FC737F1-C7A5-4376-A066-2A32D752A2FF}</UniqueIdentifier>
      <Extensions>cpp;c;cc;cxx;c++;cppm;ixx;def;odl;idl;hpj;bat;asm;asmx</Extensions>
    </Filter>
    <Filter Include="Header Files">
      <UniqueIdentifier>{93995380-89BD-4b04-88EB-625FBE52EBFB}</UniqueIdentifier>
      <Extensions>h;hh;hpp;hxx;h++;hm;inl;inc;ipp;xsd</Extensions>
    </Filter>
    <Filter Include="Resource Files">
      <UniqueIdentifier>{67DA6AB6-F800-4c08-8B7A-83BB121AAD01}</UniqueIdentifier>
      <Extensions>rc;ico;cur;bmp;dlg;rc2;rct;bin;rgs;gif;jpg;jpeg;jpe;resx;tiff;tif;png;wav;mfcribbon-ms</Extensions>
    </Filter>
  </ItemGroup>
  <ItemGroup>
    <ClCompile Include="src\main.cpp">
      <Filter>Source Files</Filter>
    </ClCompile>
    <ClCompile Include="src\utility_functions\file_io.cpp">
      <Filter>Source Files</Filter>
    </ClCompile>
    <ClCompile Include="src\utility_functions\glCalls.cpp">
      <Filter>Source Files</Filter>
    </ClCompile>
    <ClCompile Include="src\vendor\SOIL\src\image_dxt.c">
      <Filter>Source Files</Filter>
    </ClCompile>
    <ClCompile Include="src\vendor\SOIL\src\image_helper.c">
      <Filter>Source Files</Filter>
    </ClCompile>
    <ClCompile Include="src\vendor\SOIL\src\soil.c">
      <Filter>Source Files</Filter>
    </ClCompile>
    <ClCompile Include="src\vendor\SOIL\src\stb_image_aug.c">
      <Filter>Source Files</Filter>
    </ClCompile>
  </ItemGroup>
  <ItemGroup>
    <None Include="vendor\GLFW\include\GLEW\doc\advanced.html" />
    <None Include="vendor\GLFW\include\GLEW\doc\basic.html" />
    <None Include="vendor\GLFW\include\GLEW\doc\build.html" />
    <None Include="vendor\GLFW\include\GLEW\doc\credits.html" />
    <None Include="vendor\GLFW\include\GLEW\doc\glew.html" />
    <None Include="vendor\GLFW\include\GLEW\doc\glxew.html" />
    <None Include="vendor\GLFW\include\GLEW\doc\index.html" />
    <None Include="vendor\GLFW\include\GLEW\doc\install.html" />
    <None Include="vendor\GLFW\include\GLEW\doc\log.html" />
    <None Include="vendor\GLFW\include\GLEW\doc\wglew.html" />
    <None Include="res\shaders\vertex.shader" />
    <None Include="res\shaders\fragment.shader" />
  </ItemGroup>
  <ItemGroup>
    <ClInclude Include="src\utility_functions\file_io.h">
      <Filter>Header Files</Filter>
    </ClInclude>
    <ClInclude Include="src\utility_functions\glCalls.h">
      <Filter>Header Files</Filter>
    </ClInclude>
    <ClInclude Include="src\vendor\SOIL\include\SOIL\image_dxt.h">
      <Filter>Header Files</Filter>
    </ClInclude>
    <ClInclude Include="src\vendor\SOIL\include\SOIL\image_helper.h">
      <Filter>Header Files</Filter>
    </ClInclude>
    <ClInclude Include="src\vendor\SOIL\include\SOIL\SOIL.h">
      <Filter>Header Files</Filter>
    </ClInclude>
    <ClInclude Include="src\vendor\SOIL\include\SOIL\stb_image_aug.h">
      <Filter>Header Files</Filter>
    </ClInclude>
    <ClInclude Include="src\vendor\SOIL\include\SOIL\stbi_dds_aug.h">
      <Filter>Header Files</Filter>
    </ClInclude>
    <ClInclude Include="src\vendor\SOIL\include\SOIL\stbi_dds_aug_c.h">
      <Filter>Header Files</Filter>
    </ClInclude>
  </ItemGroup>
</Project>